{
  "name": "violentmonkey",
  "version": "1.0.0",
  "lockfileVersion": 3,
  "requires": true,
  "packages": {
    "": {
      "name": "violentmonkey",
      "version": "1.0.0",
      "license": "ISC",
      "devDependencies": {
        "@violentmonkey/types": "^0.3.2"
      }
    },
    "node_modules/@violentmonkey/types": {
      "version": "0.3.2",
      "resolved": "https://registry.npmjs.org/@violentmonkey/types/-/types-0.3.2.tgz",
      "integrity": "sha512-SclmkQqyN22upcCsNYoRDh3Tco7YRGXHBThWOSl09YA3fk7DxSi1sKDfm0uVQc+g8wrjfykVxN3Ws7Jh+5ccIg==",
      "dev": true,
      "license": "ISC",
      "dependencies": {
        "user-agent-data-types": "^0.4.2"
      }
    },
    "node_modules/user-agent-data-types": {
      "version": "0.4.2",
      "resolved": "https://registry.npmjs.org/user-agent-data-types/-/user-agent-data-types-0.4.2.tgz",
      "integrity": "sha512-jXep3kO/dGNmDOkbDa8ccp4QArgxR4I76m3QVcJ1aOF0B9toc+YtSXtX5gLdDTZXyWlpQYQrABr6L1L2GZOghw==",
      "dev": true,
      "license": "MIT"
    }
  }
}
